
Microsoft Visual Studio Solution File, Format Version 12.00
# Visual Studio Version 17
VisualStudioVersion = 17.5.002.0
MinimumVisualStudioVersion = 10.0.40219.1
Project("{9A19103F-16F7-4668-BE54-9A1E7A4F7556}") = "Drew_Project", "Drew_Project.csproj", "{0F38C7BC-2917-4531-AF33-3A8DE4327E36}"
EndProject
Global
	GlobalSection(SolutionConfigurationPlatforms) = preSolution
		Debug|Any CPU = Debug|Any CPU
		Release|Any CPU = Release|Any CPU
	EndGlobalSection
	GlobalSection(ProjectConfigurationPlatforms) = postSolution
		{0F38C7BC-2917-4531-AF33-3A8DE4327E36}.Debug|Any CPU.ActiveCfg = Debug|Any CPU
		{0F38C7BC-2917-4531-AF33-3A8DE4327E36}.Debug|Any CPU.Build.0 = Debug|Any CPU
		{0F38C7BC-2917-4531-AF33-3A8DE4327E36}.Release|Any CPU.ActiveCfg = Release|Any CPU
		{0F38C7BC-2917-4531-AF33-3A8DE4327E36}.Release|Any CPU.Build.0 = Release|Any CPU
	EndGlobalSection
	GlobalSection(SolutionProperties) = preSolution
		HideSolutionNode = FALSE
	EndGlobalSection
	GlobalSection(ExtensibilityGlobals) = postSolution
		SolutionGuid = {6C7C3C88-8358-45FE-B122-C9889C08D320}
	EndGlobalSection
EndGlobal
